
Microsoft Visual Studio Solution File, Format Version 12.00
# Visual Studio Version 17
VisualStudioVersion = 17.3.32929.385
MinimumVisualStudioVersion = 10.0.40219.1
Project("{FAE04EC0-301F-11D3-BF4B-00C04F79EFBC}") = "LR5Console", "LR5Console\LR5Console.csproj", "{FCABAD38-6D83-4836-9401-729B0FA70EDA}"
EndProject
Global
	GlobalSection(SolutionConfigurationPlatforms) = preSolution
		Debug|Any CPU = Debug|Any CPU
		Release|Any CPU = Release|Any CPU
	EndGlobalSection
	GlobalSection(ProjectConfigurationPlatforms) = postSolution
		{FCABAD38-6D83-4836-9401-729B0FA70EDA}.Debug|Any CPU.ActiveCfg = Debug|Any CPU
		{FCABAD38-6D83-4836-9401-729B0FA70EDA}.Debug|Any CPU.Build.0 = Debug|Any CPU
		{FCABAD38-6D83-4836-9401-729B0FA70EDA}.Release|Any CPU.ActiveCfg = Release|Any CPU
		{FCABAD38-6D83-4836-9401-729B0FA70EDA}.Release|Any CPU.Build.0 = Release|Any CPU
	EndGlobalSection
	GlobalSection(SolutionProperties) = preSolution
		HideSolutionNode = FALSE
	EndGlobalSection
	GlobalSection(ExtensibilityGlobals) = postSolution
		SolutionGuid = {DD3E07BB-25ED-4ECB-988F-71D08AC26A55}
	EndGlobalSection
EndGlobal
